
Microsoft Visual Studio Solution File, Format Version 12.00
# Visual Studio Version 17
VisualStudioVersion = 17.5.002.0
MinimumVisualStudioVersion = 10.0.40219.1
Project("{9A19103F-16F7-4668-BE54-9A1E7A4F7556}") = "BryanAMiniChallenge1_EndpointMVC", "BryanAMiniChallenge1_EndpointMVC.csproj", "{DC88F84E-7402-4641-9B67-4BB1CFC9937B}"
EndProject
Global
	GlobalSection(SolutionConfigurationPlatforms) = preSolution
		Debug|Any CPU = Debug|Any CPU
		Release|Any CPU = Release|Any CPU
	EndGlobalSection
	GlobalSection(ProjectConfigurationPlatforms) = postSolution
		{DC88F84E-7402-4641-9B67-4BB1CFC9937B}.Debug|Any CPU.ActiveCfg = Debug|Any CPU
		{DC88F84E-7402-4641-9B67-4BB1CFC9937B}.Debug|Any CPU.Build.0 = Debug|Any CPU
		{DC88F84E-7402-4641-9B67-4BB1CFC9937B}.Release|Any CPU.ActiveCfg = Release|Any CPU
		{DC88F84E-7402-4641-9B67-4BB1CFC9937B}.Release|Any CPU.Build.0 = Release|Any CPU
	EndGlobalSection
	GlobalSection(SolutionProperties) = preSolution
		HideSolutionNode = FALSE
	EndGlobalSection
	GlobalSection(ExtensibilityGlobals) = postSolution
		SolutionGuid = {0AADDE90-A280-4F9C-B00A-12E96A5BDA48}
	EndGlobalSection
EndGlobal
